// !$*UTF8*$!
{
	archiveVersion = 1;
	classes = {
	};
	objectVersion = 50;
	objects = {

/* Begin PBXBuildFile section */
		036B8CD324FFD11D00654AAD /* hQuizzProgressBar.swift in Sources */ = {isa = PBXBuildFile; fileRef = 036B8CD224FFD11D00654AAD /* hQuizzProgressBar.swift */; };
		036B8CD524FFD42400654AAD /* hQuizzButton.swift in Sources */ = {isa = PBXBuildFile; fileRef = 036B8CD424FFD42400654AAD /* hQuizzButton.swift */; };
		036B8CD724FFD52C00654AAD /* hQuizzBgImage.swift in Sources */ = {isa = PBXBuildFile; fileRef = 036B8CD624FFD52C00654AAD /* hQuizzBgImage.swift */; };
		036BDE7F2500091A007DAA83 /* hQuizz.swift in Sources */ = {isa = PBXBuildFile; fileRef = 036BDE7E2500091A007DAA83 /* hQuizz.swift */; };
		036BDE812500093E007DAA83 /* Color.swift in Sources */ = {isa = PBXBuildFile; fileRef = 036BDE802500093E007DAA83 /* Color.swift */; };
		036BDE8325000A79007DAA83 /* UIColor+hQuizz.swift in Sources */ = {isa = PBXBuildFile; fileRef = 036BDE8225000A79007DAA83 /* UIColor+hQuizz.swift */; };
		036CF47724FF9EEF0059E7C4 /* DashboardViewController.swift in Sources */ = {isa = PBXBuildFile; fileRef = 036CF47624FF9EEF0059E7C4 /* DashboardViewController.swift */; };
		036CF47924FFAF3A0059E7C4 /* GameApiResponse.swift in Sources */ = {isa = PBXBuildFile; fileRef = 036CF47824FFAF3A0059E7C4 /* GameApiResponse.swift */; };
		036CF47B24FFB59E0059E7C4 /* ImageLoader.swift in Sources */ = {isa = PBXBuildFile; fileRef = 036CF47A24FFB59E0059E7C4 /* ImageLoader.swift */; };
		036CF47D24FFB5D70059E7C4 /* UIImageLoader.swift in Sources */ = {isa = PBXBuildFile; fileRef = 036CF47C24FFB5D70059E7C4 /* UIImageLoader.swift */; };
		036CF48024FFB62C0059E7C4 /* UIImageView+hQuizz.swift in Sources */ = {isa = PBXBuildFile; fileRef = 036CF47F24FFB62C0059E7C4 /* UIImageView+hQuizz.swift */; };
		036CF48224FFBD4E0059E7C4 /* UIImage+hQuizz.swift in Sources */ = {isa = PBXBuildFile; fileRef = 036CF48124FFBD4E0059E7C4 /* UIImage+hQuizz.swift */; };
		037A513F24FFDA2800A8A165 /* ResponsePresenter.swift in Sources */ = {isa = PBXBuildFile; fileRef = 037A513E24FFDA2800A8A165 /* ResponsePresenter.swift */; };
		037A514324FFE71800A8A165 /* hQuizzCircularView.swift in Sources */ = {isa = PBXBuildFile; fileRef = 037A514224FFE71800A8A165 /* hQuizzCircularView.swift */; };
		038D230424FF5AB100321F91 /* AppDelegate.swift in Sources */ = {isa = PBXBuildFile; fileRef = 038D230324FF5AB100321F91 /* AppDelegate.swift */; };
		038D230624FF5AB100321F91 /* SceneDelegate.swift in Sources */ = {isa = PBXBuildFile; fileRef = 038D230524FF5AB100321F91 /* SceneDelegate.swift */; };
		038D230824FF5AB100321F91 /* ViewController.swift in Sources */ = {isa = PBXBuildFile; fileRef = 038D230724FF5AB100321F91 /* ViewController.swift */; };
		038D230B24FF5AB100321F91 /* Main.storyboard in Resources */ = {isa = PBXBuildFile; fileRef = 038D230924FF5AB100321F91 /* Main.storyboard */; };
		038D230D24FF5AB200321F91 /* Assets.xcassets in Resources */ = {isa = PBXBuildFile; fileRef = 038D230C24FF5AB200321F91 /* Assets.xcassets */; };
		038D231024FF5AB200321F91 /* LaunchScreen.storyboard in Resources */ = {isa = PBXBuildFile; fileRef = 038D230E24FF5AB200321F91 /* LaunchScreen.storyboard */; };
		038D231B24FF5AB300321F91 /* hQuizzTests.swift in Sources */ = {isa = PBXBuildFile; fileRef = 038D231A24FF5AB300321F91 /* hQuizzTests.swift */; };
		038D232624FF5AB300321F91 /* hQuizzUITests.swift in Sources */ = {isa = PBXBuildFile; fileRef = 038D232524FF5AB300321F91 /* hQuizzUITests.swift */; };
		038D233724FF5DD800321F91 /* QuestionsViewController.swift in Sources */ = {isa = PBXBuildFile; fileRef = 038D233624FF5DD800321F91 /* QuestionsViewController.swift */; };
		038D233C24FF607100321F91 /* ResponseViewController.swift in Sources */ = {isa = PBXBuildFile; fileRef = 038D233B24FF607100321F91 /* ResponseViewController.swift */; };
		038D233F24FF625E00321F91 /* Question.swift in Sources */ = {isa = PBXBuildFile; fileRef = 038D233E24FF625E00321F91 /* Question.swift */; };
		038D234224FF633500321F91 /* Game.swift in Sources */ = {isa = PBXBuildFile; fileRef = 038D234124FF633500321F91 /* Game.swift */; };
		038D234424FF646B00321F91 /* Repository.swift in Sources */ = {isa = PBXBuildFile; fileRef = 038D234324FF646B00321F91 /* Repository.swift */; };
		038D234624FF64EE00321F91 /* ApiRepository.swift in Sources */ = {isa = PBXBuildFile; fileRef = 038D234524FF64EE00321F91 /* ApiRepository.swift */; };
		038D234824FF6CC500321F91 /* QuestionsViewModel.swift in Sources */ = {isa = PBXBuildFile; fileRef = 038D234724FF6CC500321F91 /* QuestionsViewModel.swift */; };
/* End PBXBuildFile section */

/* Begin PBXContainerItemProxy section */
		038D231724FF5AB300321F91 /* PBXContainerItemProxy */ = {
			isa = PBXContainerItemProxy;
			containerPortal = 038D22F824FF5AB100321F91 /* Project object */;
			proxyType = 1;
			remoteGlobalIDString = 038D22FF24FF5AB100321F91;
			remoteInfo = hQuizz;
		};
		038D232224FF5AB300321F91 /* PBXContainerItemProxy */ = {
			isa = PBXContainerItemProxy;
			containerPortal = 038D22F824FF5AB100321F91 /* Project object */;
			proxyType = 1;
			remoteGlobalIDString = 038D22FF24FF5AB100321F91;
			remoteInfo = hQuizz;
		};
/* End PBXContainerItemProxy section */

/* Begin PBXFileReference section */
		036B8CD224FFD11D00654AAD /* hQuizzProgressBar.swift */ = {isa = PBXFileReference; lastKnownFileType = sourcecode.swift; path = hQuizzProgressBar.swift; sourceTree = "<group>"; };
		036B8CD424FFD42400654AAD /* hQuizzButton.swift */ = {isa = PBXFileReference; lastKnownFileType = sourcecode.swift; path = hQuizzButton.swift; sourceTree = "<group>"; };
		036B8CD624FFD52C00654AAD /* hQuizzBgImage.swift */ = {isa = PBXFileReference; lastKnownFileType = sourcecode.swift; path = hQuizzBgImage.swift; sourceTree = "<group>"; };
		036BDE7E2500091A007DAA83 /* hQuizz.swift */ = {isa = PBXFileReference; lastKnownFileType = sourcecode.swift; path = hQuizz.swift; sourceTree = "<group>"; };
		036BDE802500093E007DAA83 /* Color.swift */ = {isa = PBXFileReference; lastKnownFileType = sourcecode.swift; path = Color.swift; sourceTree = "<group>"; };
		036BDE8225000A79007DAA83 /* UIColor+hQuizz.swift */ = {isa = PBXFileReference; lastKnownFileType = sourcecode.swift; path = "UIColor+hQuizz.swift"; sourceTree = "<group>"; };
		036CF47624FF9EEF0059E7C4 /* DashboardViewController.swift */ = {isa = PBXFileReference; lastKnownFileType = sourcecode.swift; path = DashboardViewController.swift; sourceTree = "<group>"; };
		036CF47824FFAF3A0059E7C4 /* GameApiResponse.swift */ = {isa = PBXFileReference; lastKnownFileType = sourcecode.swift; path = GameApiResponse.swift; sourceTree = "<group>"; };
		036CF47A24FFB59E0059E7C4 /* ImageLoader.swift */ = {isa = PBXFileReference; lastKnownFileType = sourcecode.swift; path = ImageLoader.swift; sourceTree = "<group>"; };
		036CF47C24FFB5D70059E7C4 /* UIImageLoader.swift */ = {isa = PBXFileReference; lastKnownFileType = sourcecode.swift; path = UIImageLoader.swift; sourceTree = "<group>"; };
		036CF47F24FFB62C0059E7C4 /* UIImageView+hQuizz.swift */ = {isa = PBXFileReference; lastKnownFileType = sourcecode.swift; path = "UIImageView+hQuizz.swift"; sourceTree = "<group>"; };
		036CF48124FFBD4E0059E7C4 /* UIImage+hQuizz.swift */ = {isa = PBXFileReference; lastKnownFileType = sourcecode.swift; path = "UIImage+hQuizz.swift"; sourceTree = "<group>"; };
		037A513E24FFDA2800A8A165 /* ResponsePresenter.swift */ = {isa = PBXFileReference; lastKnownFileType = sourcecode.swift; path = ResponsePresenter.swift; sourceTree = "<group>"; };
		037A514224FFE71800A8A165 /* hQuizzCircularView.swift */ = {isa = PBXFileReference; lastKnownFileType = sourcecode.swift; path = hQuizzCircularView.swift; sourceTree = "<group>"; };
		038D230024FF5AB100321F91 /* hQuizz.app */ = {isa = PBXFileReference; explicitFileType = wrapper.application; includeInIndex = 0; path = hQuizz.app; sourceTree = BUILT_PRODUCTS_DIR; };
		038D230324FF5AB100321F91 /* AppDelegate.swift */ = {isa = PBXFileReference; lastKnownFileType = sourcecode.swift; path = AppDelegate.swift; sourceTree = "<group>"; };
		038D230524FF5AB100321F91 /* SceneDelegate.swift */ = {isa = PBXFileReference; lastKnownFileType = sourcecode.swift; path = SceneDelegate.swift; sourceTree = "<group>"; };
		038D230724FF5AB100321F91 /* ViewController.swift */ = {isa = PBXFileReference; lastKnownFileType = sourcecode.swift; path = ViewController.swift; sourceTree = "<group>"; };
		038D230A24FF5AB100321F91 /* Base */ = {isa = PBXFileReference; lastKnownFileType = file.storyboard; name = Base; path = Base.lproj/Main.storyboard; sourceTree = "<group>"; };
		038D230C24FF5AB200321F91 /* Assets.xcassets */ = {isa = PBXFileReference; lastKnownFileType = folder.assetcatalog; path = Assets.xcassets; sourceTree = "<group>"; };
		038D230F24FF5AB200321F91 /* Base */ = {isa = PBXFileReference; lastKnownFileType = file.storyboard; name = Base; path = Base.lproj/LaunchScreen.storyboard; sourceTree = "<group>"; };
		038D231124FF5AB200321F91 /* Info.plist */ = {isa = PBXFileReference; lastKnownFileType = text.plist.xml; path = Info.plist; sourceTree = "<group>"; };
		038D231624FF5AB300321F91 /* hQuizzTests.xctest */ = {isa = PBXFileReference; explicitFileType = wrapper.cfbundle; includeInIndex = 0; path = hQuizzTests.xctest; sourceTree = BUILT_PRODUCTS_DIR; };
		038D231A24FF5AB300321F91 /* hQuizzTests.swift */ = {isa = PBXFileReference; lastKnownFileType = sourcecode.swift; path = hQuizzTests.swift; sourceTree = "<group>"; };
		038D231C24FF5AB300321F91 /* Info.plist */ = {isa = PBXFileReference; lastKnownFileType = text.plist.xml; path = Info.plist; sourceTree = "<group>"; };
		038D232124FF5AB300321F91 /* hQuizzUITests.xctest */ = {isa = PBXFileReference; explicitFileType = wrapper.cfbundle; includeInIndex = 0; path = hQuizzUITests.xctest; sourceTree = BUILT_PRODUCTS_DIR; };
		038D232524FF5AB300321F91 /* hQuizzUITests.swift */ = {isa = PBXFileReference; lastKnownFileType = sourcecode.swift; path = hQuizzUITests.swift; sourceTree = "<group>"; };
		038D232724FF5AB300321F91 /* Info.plist */ = {isa = PBXFileReference; lastKnownFileType = text.plist.xml; path = Info.plist; sourceTree = "<group>"; };
		038D233624FF5DD800321F91 /* QuestionsViewController.swift */ = {isa = PBXFileReference; lastKnownFileType = sourcecode.swift; path = QuestionsViewController.swift; sourceTree = "<group>"; };
		038D233B24FF607100321F91 /* ResponseViewController.swift */ = {isa = PBXFileReference; lastKnownFileType = sourcecode.swift; path = ResponseViewController.swift; sourceTree = "<group>"; };
		038D233E24FF625E00321F91 /* Question.swift */ = {isa = PBXFileReference; lastKnownFileType = sourcecode.swift; path = Question.swift; sourceTree = "<group>"; };
		038D234124FF633500321F91 /* Game.swift */ = {isa = PBXFileReference; lastKnownFileType = sourcecode.swift; path = Game.swift; sourceTree = "<group>"; };
		038D234324FF646B00321F91 /* Repository.swift */ = {isa = PBXFileReference; lastKnownFileType = sourcecode.swift; path = Repository.swift; sourceTree = "<group>"; };
		038D234524FF64EE00321F91 /* ApiRepository.swift */ = {isa = PBXFileReference; lastKnownFileType = sourcecode.swift; path = ApiRepository.swift; sourceTree = "<group>"; };
		038D234724FF6CC500321F91 /* QuestionsViewModel.swift */ = {isa = PBXFileReference; lastKnownFileType = sourcecode.swift; path = QuestionsViewModel.swift; sourceTree = "<group>"; };
/* End PBXFileReference section */

/* Begin PBXFrameworksBuildPhase section */
		038D22FD24FF5AB100321F91 /* Frameworks */ = {
			isa = PBXFrameworksBuildPhase;
			buildActionMask = 2147483647;
			files = (
			);
			runOnlyForDeploymentPostprocessing = 0;
		};
		038D231324FF5AB300321F91 /* Frameworks */ = {
			isa = PBXFrameworksBuildPhase;
			buildActionMask = 2147483647;
			files = (
			);
			runOnlyForDeploymentPostprocessing = 0;
		};
		038D231E24FF5AB300321F91 /* Frameworks */ = {
			isa = PBXFrameworksBuildPhase;
			buildActionMask = 2147483647;
			files = (
			);
			runOnlyForDeploymentPostprocessing = 0;
		};
/* End PBXFrameworksBuildPhase section */

/* Begin PBXGroup section */
		036B8CD124FFD10700654AAD /* Views */ = {
			isa = PBXGroup;
			children = (
				036B8CD224FFD11D00654AAD /* hQuizzProgressBar.swift */,
				036B8CD424FFD42400654AAD /* hQuizzButton.swift */,
				036B8CD624FFD52C00654AAD /* hQuizzBgImage.swift */,
				037A514224FFE71800A8A165 /* hQuizzCircularView.swift */,
			);
			path = Views;
			sourceTree = "<group>";
		};
		036BDE7C250008F2007DAA83 /* Configs */ = {
			isa = PBXGroup;
			children = (
				036BDE7E2500091A007DAA83 /* hQuizz.swift */,
				036BDE802500093E007DAA83 /* Color.swift */,
			);
			path = Configs;
			sourceTree = "<group>";
		};
		036CF47524FF9EDD0059E7C4 /* Dashboard */ = {
			isa = PBXGroup;
			children = (
				036CF47624FF9EEF0059E7C4 /* DashboardViewController.swift */,
			);
			path = Dashboard;
			sourceTree = "<group>";
		};
		036CF47E24FFB61C0059E7C4 /* Extensions */ = {
			isa = PBXGroup;
			children = (
				036CF47F24FFB62C0059E7C4 /* UIImageView+hQuizz.swift */,
				036CF48124FFBD4E0059E7C4 /* UIImage+hQuizz.swift */,
				036BDE8225000A79007DAA83 /* UIColor+hQuizz.swift */,
			);
			path = Extensions;
			sourceTree = "<group>";
		};
		038D22F724FF5AB100321F91 = {
			isa = PBXGroup;
			children = (
				038D230224FF5AB100321F91 /* hQuizz */,
				038D231924FF5AB300321F91 /* hQuizzTests */,
				038D232424FF5AB300321F91 /* hQuizzUITests */,
				038D230124FF5AB100321F91 /* Products */,
			);
			sourceTree = "<group>";
		};
		038D230124FF5AB100321F91 /* Products */ = {
			isa = PBXGroup;
			children = (
				038D230024FF5AB100321F91 /* hQuizz.app */,
				038D231624FF5AB300321F91 /* hQuizzTests.xctest */,
				038D232124FF5AB300321F91 /* hQuizzUITests.xctest */,
			);
			name = Products;
			sourceTree = "<group>";
		};
		038D230224FF5AB100321F91 /* hQuizz */ = {
			isa = PBXGroup;
			children = (
				038D234024FF632200321F91 /* Models */,
				038D233524FF5D9900321F91 /* Common */,
				038D233424FF5D9000321F91 /* DataStore */,
				038D233324FF5D6D00321F91 /* Scenes */,
				038D230324FF5AB100321F91 /* AppDelegate.swift */,
				038D230524FF5AB100321F91 /* SceneDelegate.swift */,
				038D230724FF5AB100321F91 /* ViewController.swift */,
				038D230924FF5AB100321F91 /* Main.storyboard */,
				038D230C24FF5AB200321F91 /* Assets.xcassets */,
				038D230E24FF5AB200321F91 /* LaunchScreen.storyboard */,
				038D231124FF5AB200321F91 /* Info.plist */,
			);
			path = hQuizz;
			sourceTree = "<group>";
		};
		038D231924FF5AB300321F91 /* hQuizzTests */ = {
			isa = PBXGroup;
			children = (
				038D231A24FF5AB300321F91 /* hQuizzTests.swift */,
				038D231C24FF5AB300321F91 /* Info.plist */,
			);
			path = hQuizzTests;
			sourceTree = "<group>";
		};
		038D232424FF5AB300321F91 /* hQuizzUITests */ = {
			isa = PBXGroup;
			children = (
				038D232524FF5AB300321F91 /* hQuizzUITests.swift */,
				038D232724FF5AB300321F91 /* Info.plist */,
			);
			path = hQuizzUITests;
			sourceTree = "<group>";
		};
		038D233324FF5D6D00321F91 /* Scenes */ = {
			isa = PBXGroup;
			children = (
				036CF47524FF9EDD0059E7C4 /* Dashboard */,
				038D233A24FF605D00321F91 /* Response */,
				038D233824FF5DEF00321F91 /* Questions */,
			);
			path = Scenes;
			sourceTree = "<group>";
		};
		038D233424FF5D9000321F91 /* DataStore */ = {
			isa = PBXGroup;
			children = (
				038D234324FF646B00321F91 /* Repository.swift */,
				038D234524FF64EE00321F91 /* ApiRepository.swift */,
				036CF47A24FFB59E0059E7C4 /* ImageLoader.swift */,
				036CF47C24FFB5D70059E7C4 /* UIImageLoader.swift */,
			);
			path = DataStore;
			sourceTree = "<group>";
		};
		038D233524FF5D9900321F91 /* Common */ = {
			isa = PBXGroup;
			children = (
				036BDE7C250008F2007DAA83 /* Configs */,
				036B8CD124FFD10700654AAD /* Views */,
				036CF47E24FFB61C0059E7C4 /* Extensions */,
			);
			path = Common;
			sourceTree = "<group>";
		};
		038D233824FF5DEF00321F91 /* Questions */ = {
			isa = PBXGroup;
			children = (
				038D233D24FF613E00321F91 /* Views */,
				038D233924FF5DFF00321F91 /* Models */,
				038D233624FF5DD800321F91 /* QuestionsViewController.swift */,
				038D234724FF6CC500321F91 /* QuestionsViewModel.swift */,
			);
			path = Questions;
			sourceTree = "<group>";
		};
		038D233924FF5DFF00321F91 /* Models */ = {
			isa = PBXGroup;
			children = (
			);
			path = Models;
			sourceTree = "<group>";
		};
		038D233A24FF605D00321F91 /* Response */ = {
			isa = PBXGroup;
			children = (
				038D233B24FF607100321F91 /* ResponseViewController.swift */,
				037A513E24FFDA2800A8A165 /* ResponsePresenter.swift */,
			);
			path = Response;
			sourceTree = "<group>";
		};
		038D233D24FF613E00321F91 /* Views */ = {
			isa = PBXGroup;
			children = (
			);
			path = Views;
			sourceTree = "<group>";
		};
		038D234024FF632200321F91 /* Models */ = {
			isa = PBXGroup;
			children = (
				038D233E24FF625E00321F91 /* Question.swift */,
				038D234124FF633500321F91 /* Game.swift */,
				036CF47824FFAF3A0059E7C4 /* GameApiResponse.swift */,
			);
			path = Models;
			sourceTree = "<group>";
		};
/* End PBXGroup section */

/* Begin PBXNativeTarget section */
		038D22FF24FF5AB100321F91 /* hQuizz */ = {
			isa = PBXNativeTarget;
			buildConfigurationList = 038D232A24FF5AB300321F91 /* Build configuration list for PBXNativeTarget "hQuizz" */;
			buildPhases = (
				038D22FC24FF5AB100321F91 /* Sources */,
				038D22FD24FF5AB100321F91 /* Frameworks */,
				038D22FE24FF5AB100321F91 /* Resources */,
			);
			buildRules = (
			);
			dependencies = (
			);
			name = hQuizz;
			productName = hQuizz;
			productReference = 038D230024FF5AB100321F91 /* hQuizz.app */;
			productType = "com.apple.product-type.application";
		};
		038D231524FF5AB300321F91 /* hQuizzTests */ = {
			isa = PBXNativeTarget;
			buildConfigurationList = 038D232D24FF5AB300321F91 /* Build configuration list for PBXNativeTarget "hQuizzTests" */;
			buildPhases = (
				038D231224FF5AB300321F91 /* Sources */,
				038D231324FF5AB300321F91 /* Frameworks */,
				038D231424FF5AB300321F91 /* Resources */,
			);
			buildRules = (
			);
			dependencies = (
				038D231824FF5AB300321F91 /* PBXTargetDependency */,
			);
			name = hQuizzTests;
			productName = hQuizzTests;
			productReference = 038D231624FF5AB300321F91 /* hQuizzTests.xctest */;
			productType = "com.apple.product-type.bundle.unit-test";
		};
		038D232024FF5AB300321F91 /* hQuizzUITests */ = {
			isa = PBXNativeTarget;
			buildConfigurationList = 038D233024FF5AB300321F91 /* Build configuration list for PBXNativeTarget "hQuizzUITests" */;
			buildPhases = (
				038D231D24FF5AB300321F91 /* Sources */,
				038D231E24FF5AB300321F91 /* Frameworks */,
				038D231F24FF5AB300321F91 /* Resources */,
			);
			buildRules = (
			);
			dependencies = (
				038D232324FF5AB300321F91 /* PBXTargetDependency */,
			);
			name = hQuizzUITests;
			productName = hQuizzUITests;
			productReference = 038D232124FF5AB300321F91 /* hQuizzUITests.xctest */;
			productType = "com.apple.product-type.bundle.ui-testing";
		};
/* End PBXNativeTarget section */

/* Begin PBXProject section */
		038D22F824FF5AB100321F91 /* Project object */ = {
			isa = PBXProject;
			attributes = {
				LastSwiftUpdateCheck = 1150;
				LastUpgradeCheck = 1150;
				ORGANIZATIONNAME = "Erik Mai";
				TargetAttributes = {
					038D22FF24FF5AB100321F91 = {
						CreatedOnToolsVersion = 11.5;
					};
					038D231524FF5AB300321F91 = {
						CreatedOnToolsVersion = 11.5;
						TestTargetID = 038D22FF24FF5AB100321F91;
					};
					038D232024FF5AB300321F91 = {
						CreatedOnToolsVersion = 11.5;
						TestTargetID = 038D22FF24FF5AB100321F91;
					};
				};
			};
			buildConfigurationList = 038D22FB24FF5AB100321F91 /* Build configuration list for PBXProject "hQuizz" */;
			compatibilityVersion = "Xcode 9.3";
			developmentRegion = en;
			hasScannedForEncodings = 0;
			knownRegions = (
				en,
				Base,
			);
			mainGroup = 038D22F724FF5AB100321F91;
			productRefGroup = 038D230124FF5AB100321F91 /* Products */;
			projectDirPath = "";
			projectRoot = "";
			targets = (
				038D22FF24FF5AB100321F91 /* hQuizz */,
				038D231524FF5AB300321F91 /* hQuizzTests */,
				038D232024FF5AB300321F91 /* hQuizzUITests */,
			);
		};
/* End PBXProject section */

/* Begin PBXResourcesBuildPhase section */
		038D22FE24FF5AB100321F91 /* Resources */ = {
			isa = PBXResourcesBuildPhase;
			buildActionMask = 2147483647;
			files = (
				038D231024FF5AB200321F91 /* LaunchScreen.storyboard in Resources */,
				038D230D24FF5AB200321F91 /* Assets.xcassets in Resources */,
				038D230B24FF5AB100321F91 /* Main.storyboard in Resources */,
			);
			runOnlyForDeploymentPostprocessing = 0;
		};
		038D231424FF5AB300321F91 /* Resources */ = {
			isa = PBXResourcesBuildPhase;
			buildActionMask = 2147483647;
			files = (
			);
			runOnlyForDeploymentPostprocessing = 0;
		};
		038D231F24FF5AB300321F91 /* Resources */ = {
			isa = PBXResourcesBuildPhase;
			buildActionMask = 2147483647;
			files = (
			);
			runOnlyForDeploymentPostprocessing = 0;
		};
/* End PBXResourcesBuildPhase section */

/* Begin PBXSourcesBuildPhase section */
		038D22FC24FF5AB100321F91 /* Sources */ = {
			isa = PBXSourcesBuildPhase;
			buildActionMask = 2147483647;
			files = (
				038D230824FF5AB100321F91 /* ViewController.swift in Sources */,
				037A513F24FFDA2800A8A165 /* ResponsePresenter.swift in Sources */,
				036BDE812500093E007DAA83 /* Color.swift in Sources */,
				038D230424FF5AB100321F91 /* AppDelegate.swift in Sources */,
				038D234224FF633500321F91 /* Game.swift in Sources */,
				038D234424FF646B00321F91 /* Repository.swift in Sources */,
				038D233724FF5DD800321F91 /* QuestionsViewController.swift in Sources */,
				038D233F24FF625E00321F91 /* Question.swift in Sources */,
				036CF48224FFBD4E0059E7C4 /* UIImage+hQuizz.swift in Sources */,
				038D234824FF6CC500321F91 /* QuestionsViewModel.swift in Sources */,
				036BDE8325000A79007DAA83 /* UIColor+hQuizz.swift in Sources */,
				037A514324FFE71800A8A165 /* hQuizzCircularView.swift in Sources */,
				036B8CD724FFD52C00654AAD /* hQuizzBgImage.swift in Sources */,
				036B8CD524FFD42400654AAD /* hQuizzButton.swift in Sources */,
				038D230624FF5AB100321F91 /* SceneDelegate.swift in Sources */,
				036CF48024FFB62C0059E7C4 /* UIImageView+hQuizz.swift in Sources */,
				036CF47724FF9EEF0059E7C4 /* DashboardViewController.swift in Sources */,
				036B8CD324FFD11D00654AAD /* hQuizzProgressBar.swift in Sources */,
				036BDE7F2500091A007DAA83 /* hQuizz.swift in Sources */,
				038D233C24FF607100321F91 /* ResponseViewController.swift in Sources */,
				038D234624FF64EE00321F91 /* ApiRepository.swift in Sources */,
				036CF47924FFAF3A0059E7C4 /* GameApiResponse.swift in Sources */,
				036CF47D24FFB5D70059E7C4 /* UIImageLoader.swift in Sources */,
				036CF47B24FFB59E0059E7C4 /* ImageLoader.swift in Sources */,
			);
			runOnlyForDeploymentPostprocessing = 0;
		};
		038D231224FF5AB300321F91 /* Sources */ = {
			isa = PBXSourcesBuildPhase;
			buildActionMask = 2147483647;
			files = (
				038D231B24FF5AB300321F91 /* hQuizzTests.swift in Sources */,
			);
			runOnlyForDeploymentPostprocessing = 0;
		};
		038D231D24FF5AB300321F91 /* Sources */ = {
			isa = PBXSourcesBuildPhase;
			buildActionMask = 2147483647;
			files = (
				038D232624FF5AB300321F91 /* hQuizzUITests.swift in Sources */,
			);
			runOnlyForDeploymentPostprocessing = 0;
		};
/* End PBXSourcesBuildPhase section */

/* Begin PBXTargetDependency section */
		038D231824FF5AB300321F91 /* PBXTargetDependency */ = {
			isa = PBXTargetDependency;
			target = 038D22FF24FF5AB100321F91 /* hQuizz */;
			targetProxy = 038D231724FF5AB300321F91 /* PBXContainerItemProxy */;
		};
		038D232324FF5AB300321F91 /* PBXTargetDependency */ = {
			isa = PBXTargetDependency;
			target = 038D22FF24FF5AB100321F91 /* hQuizz */;
			targetProxy = 038D232224FF5AB300321F91 /* PBXContainerItemProxy */;
		};
/* End PBXTargetDependency section */

/* Begin PBXVariantGroup section */
		038D230924FF5AB100321F91 /* Main.storyboard */ = {
			isa = PBXVariantGroup;
			children = (
				038D230A24FF5AB100321F91 /* Base */,
			);
			name = Main.storyboard;
			sourceTree = "<group>";
		};
		038D230E24FF5AB200321F91 /* LaunchScreen.storyboard */ = {
			isa = PBXVariantGroup;
			children = (
				038D230F24FF5AB200321F91 /* Base */,
			);
			name = LaunchScreen.storyboard;
			sourceTree = "<group>";
		};
/* End PBXVariantGroup section */

/* Begin XCBuildConfiguration section */
		038D232824FF5AB300321F91 /* Debug */ = {
			isa = XCBuildConfiguration;
			buildSettings = {
				ALWAYS_SEARCH_USER_PATHS = NO;
				CLANG_ANALYZER_NONNULL = YES;
				CLANG_ANALYZER_NUMBER_OBJECT_CONVERSION = YES_AGGRESSIVE;
				CLANG_CXX_LANGUAGE_STANDARD = "gnu++14";
				CLANG_CXX_LIBRARY = "libc++";
				CLANG_ENABLE_MODULES = YES;
				CLANG_ENABLE_OBJC_ARC = YES;
				CLANG_ENABLE_OBJC_WEAK = YES;
				CLANG_WARN_BLOCK_CAPTURE_AUTORELEASING = YES;
				CLANG_WARN_BOOL_CONVERSION = YES;
				CLANG_WARN_COMMA = YES;
				CLANG_WARN_CONSTANT_CONVERSION = YES;
				CLANG_WARN_DEPRECATED_OBJC_IMPLEMENTATIONS = YES;
				CLANG_WARN_DIRECT_OBJC_ISA_USAGE = YES_ERROR;
				CLANG_WARN_DOCUMENTATION_COMMENTS = YES;
				CLANG_WARN_EMPTY_BODY = YES;
				CLANG_WARN_ENUM_CONVERSION = YES;
				CLANG_WARN_INFINITE_RECURSION = YES;
				CLANG_WARN_INT_CONVERSION = YES;
				CLANG_WARN_NON_LITERAL_NULL_CONVERSION = YES;
				CLANG_WARN_OBJC_IMPLICIT_RETAIN_SELF = YES;
				CLANG_WARN_OBJC_LITERAL_CONVERSION = YES;
				CLANG_WARN_OBJC_ROOT_CLASS = YES_ERROR;
				CLANG_WARN_RANGE_LOOP_ANALYSIS = YES;
				CLANG_WARN_STRICT_PROTOTYPES = YES;
				CLANG_WARN_SUSPICIOUS_MOVE = YES;
				CLANG_WARN_UNGUARDED_AVAILABILITY = YES_AGGRESSIVE;
				CLANG_WARN_UNREACHABLE_CODE = YES;
				CLANG_WARN__DUPLICATE_METHOD_MATCH = YES;
				COPY_PHASE_STRIP = NO;
				DEBUG_INFORMATION_FORMAT = dwarf;
				ENABLE_STRICT_OBJC_MSGSEND = YES;
				ENABLE_TESTABILITY = YES;
				GCC_C_LANGUAGE_STANDARD = gnu11;
				GCC_DYNAMIC_NO_PIC = NO;
				GCC_NO_COMMON_BLOCKS = YES;
				GCC_OPTIMIZATION_LEVEL = 0;
				GCC_PREPROCESSOR_DEFINITIONS = (
					"DEBUG=1",
					"$(inherited)",
				);
				GCC_WARN_64_TO_32_BIT_CONVERSION = YES;
				GCC_WARN_ABOUT_RETURN_TYPE = YES_ERROR;
				GCC_WARN_UNDECLARED_SELECTOR = YES;
				GCC_WARN_UNINITIALIZED_AUTOS = YES_AGGRESSIVE;
				GCC_WARN_UNUSED_FUNCTION = YES;
				GCC_WARN_UNUSED_VARIABLE = YES;
				IPHONEOS_DEPLOYMENT_TARGET = 13.5;
				MTL_ENABLE_DEBUG_INFO = INCLUDE_SOURCE;
				MTL_FAST_MATH = YES;
				ONLY_ACTIVE_ARCH = YES;
				SDKROOT = iphoneos;
				SWIFT_ACTIVE_COMPILATION_CONDITIONS = DEBUG;
				SWIFT_OPTIMIZATION_LEVEL = "-Onone";
			};
			name = Debug;
		};
		038D232924FF5AB300321F91 /* Release */ = {
			isa = XCBuildConfiguration;
			buildSettings = {
				ALWAYS_SEARCH_USER_PATHS = NO;
				CLANG_ANALYZER_NONNULL = YES;
				CLANG_ANALYZER_NUMBER_OBJECT_CONVERSION = YES_AGGRESSIVE;
				CLANG_CXX_LANGUAGE_STANDARD = "gnu++14";
				CLANG_CXX_LIBRARY = "libc++";
				CLANG_ENABLE_MODULES = YES;
				CLANG_ENABLE_OBJC_ARC = YES;
				CLANG_ENABLE_OBJC_WEAK = YES;
				CLANG_WARN_BLOCK_CAPTURE_AUTORELEASING = YES;
				CLANG_WARN_BOOL_CONVERSION = YES;
				CLANG_WARN_COMMA = YES;
				CLANG_WARN_CONSTANT_CONVERSION = YES;
				CLANG_WARN_DEPRECATED_OBJC_IMPLEMENTATIONS = YES;
				CLANG_WARN_DIRECT_OBJC_ISA_USAGE = YES_ERROR;
				CLANG_WARN_DOCUMENTATION_COMMENTS = YES;
				CLANG_WARN_EMPTY_BODY = YES;
				CLANG_WARN_ENUM_CONVERSION = YES;
				CLANG_WARN_INFINITE_RECURSION = YES;
				CLANG_WARN_INT_CONVERSION = YES;
				CLANG_WARN_NON_LITERAL_NULL_CONVERSION = YES;
				CLANG_WARN_OBJC_IMPLICIT_RETAIN_SELF = YES;
				CLANG_WARN_OBJC_LITERAL_CONVERSION = YES;
				CLANG_WARN_OBJC_ROOT_CLASS = YES_ERROR;
				CLANG_WARN_RANGE_LOOP_ANALYSIS = YES;
				CLANG_WARN_STRICT_PROTOTYPES = YES;
				CLANG_WARN_SUSPICIOUS_MOVE = YES;
				CLANG_WARN_UNGUARDED_AVAILABILITY = YES_AGGRESSIVE;
				CLANG_WARN_UNREACHABLE_CODE = YES;
				CLANG_WARN__DUPLICATE_METHOD_MATCH = YES;
				COPY_PHASE_STRIP = NO;
				DEBUG_INFORMATION_FORMAT = "dwarf-with-dsym";
				ENABLE_NS_ASSERTIONS = NO;
				ENABLE_STRICT_OBJC_MSGSEND = YES;
				GCC_C_LANGUAGE_STANDARD = gnu11;
				GCC_NO_COMMON_BLOCKS = YES;
				GCC_WARN_64_TO_32_BIT_CONVERSION = YES;
				GCC_WARN_ABOUT_RETURN_TYPE = YES_ERROR;
				GCC_WARN_UNDECLARED_SELECTOR = YES;
				GCC_WARN_UNINITIALIZED_AUTOS = YES_AGGRESSIVE;
				GCC_WARN_UNUSED_FUNCTION = YES;
				GCC_WARN_UNUSED_VARIABLE = YES;
				IPHONEOS_DEPLOYMENT_TARGET = 13.5;
				MTL_ENABLE_DEBUG_INFO = NO;
				MTL_FAST_MATH = YES;
				SDKROOT = iphoneos;
				SWIFT_COMPILATION_MODE = wholemodule;
				SWIFT_OPTIMIZATION_LEVEL = "-O";
				VALIDATE_PRODUCT = YES;
			};
			name = Release;
		};
		038D232B24FF5AB300321F91 /* Debug */ = {
			isa = XCBuildConfiguration;
			buildSettings = {
				ASSETCATALOG_COMPILER_APPICON_NAME = AppIcon;
				CODE_SIGN_STYLE = Automatic;
				INFOPLIST_FILE = hQuizz/Info.plist;
				LD_RUNPATH_SEARCH_PATHS = (
					"$(inherited)",
					"@executable_path/Frameworks",
				);
				PRODUCT_BUNDLE_IDENTIFIER = com.dmc.hQuizz;
				PRODUCT_NAME = "$(TARGET_NAME)";
				SWIFT_VERSION = 5.0;
				TARGETED_DEVICE_FAMILY = "1,2";
			};
			name = Debug;
		};
		038D232C24FF5AB300321F91 /* Release */ = {
			isa = XCBuildConfiguration;
			buildSettings = {
				ASSETCATALOG_COMPILER_APPICON_NAME = AppIcon;
				CODE_SIGN_STYLE = Automatic;
				INFOPLIST_FILE = hQuizz/Info.plist;
				LD_RUNPATH_SEARCH_PATHS = (
					"$(inherited)",
					"@executable_path/Frameworks",
				);
				PRODUCT_BUNDLE_IDENTIFIER = com.dmc.hQuizz;
				PRODUCT_NAME = "$(TARGET_NAME)";
				SWIFT_VERSION = 5.0;
				TARGETED_DEVICE_FAMILY = "1,2";
			};
			name = Release;
		};
		038D232E24FF5AB300321F91 /* Debug */ = {
			isa = XCBuildConfiguration;
			buildSettings = {
				ALWAYS_EMBED_SWIFT_STANDARD_LIBRARIES = YES;
				BUNDLE_LOADER = "$(TEST_HOST)";
				CODE_SIGN_STYLE = Automatic;
				INFOPLIST_FILE = hQuizzTests/Info.plist;
				IPHONEOS_DEPLOYMENT_TARGET = 13.5;
				LD_RUNPATH_SEARCH_PATHS = (
					"$(inherited)",
					"@executable_path/Frameworks",
					"@loader_path/Frameworks",
				);
				PRODUCT_BUNDLE_IDENTIFIER = com.dmc.hQuizzTests;
				PRODUCT_NAME = "$(TARGET_NAME)";
				SWIFT_VERSION = 5.0;
				TARGETED_DEVICE_FAMILY = "1,2";
				TEST_HOST = "$(BUILT_PRODUCTS_DIR)/hQuizz.app/hQuizz";
			};
			name = Debug;
		};
		038D232F24FF5AB300321F91 /* Release */ = {
			isa = XCBuildConfiguration;
			buildSettings = {
				ALWAYS_EMBED_SWIFT_STANDARD_LIBRARIES = YES;
				BUNDLE_LOADER = "$(TEST_HOST)";
				CODE_SIGN_STYLE = Automatic;
				INFOPLIST_FILE = hQuizzTests/Info.plist;
				IPHONEOS_DEPLOYMENT_TARGET = 13.5;
				LD_RUNPATH_SEARCH_PATHS = (
					"$(inherited)",
					"@executable_path/Frameworks",
					"@loader_path/Frameworks",
				);
				PRODUCT_BUNDLE_IDENTIFIER = com.dmc.hQuizzTests;
				PRODUCT_NAME = "$(TARGET_NAME)";
				SWIFT_VERSION = 5.0;
				TARGETED_DEVICE_FAMILY = "1,2";
				TEST_HOST = "$(BUILT_PRODUCTS_DIR)/hQuizz.app/hQuizz";
			};
			name = Release;
		};
		038D233124FF5AB300321F91 /* Debug */ = {
			isa = XCBuildConfiguration;
			buildSettings = {
				ALWAYS_EMBED_SWIFT_STANDARD_LIBRARIES = YES;
				CODE_SIGN_STYLE = Automatic;
				INFOPLIST_FILE = hQuizzUITests/Info.plist;
				LD_RUNPATH_SEARCH_PATHS = (
					"$(inherited)",
					"@executable_path/Frameworks",
					"@loader_path/Frameworks",
				);
				PRODUCT_BUNDLE_IDENTIFIER = com.dmc.hQuizzUITests;
				PRODUCT_NAME = "$(TARGET_NAME)";
				SWIFT_VERSION = 5.0;
				TARGETED_DEVICE_FAMILY = "1,2";
				TEST_TARGET_NAME = hQuizz;
			};
			name = Debug;
		};
		038D233224FF5AB300321F91 /* Release */ = {
			isa = XCBuildConfiguration;
			buildSettings = {
				ALWAYS_EMBED_SWIFT_STANDARD_LIBRARIES = YES;
				CODE_SIGN_STYLE = Automatic;
				INFOPLIST_FILE = hQuizzUITests/Info.plist;
				LD_RUNPATH_SEARCH_PATHS = (
					"$(inherited)",
					"@executable_path/Frameworks",
					"@loader_path/Frameworks",
				);
				PRODUCT_BUNDLE_IDENTIFIER = com.dmc.hQuizzUITests;
				PRODUCT_NAME = "$(TARGET_NAME)";
				SWIFT_VERSION = 5.0;
				TARGETED_DEVICE_FAMILY = "1,2";
				TEST_TARGET_NAME = hQuizz;
			};
			name = Release;
		};
/* End XCBuildConfiguration section */

/* Begin XCConfigurationList section */
		038D22FB24FF5AB100321F91 /* Build configuration list for PBXProject "hQuizz" */ = {
			isa = XCConfigurationList;
			buildConfigurations = (
				038D232824FF5AB300321F91 /* Debug */,
				038D232924FF5AB300321F91 /* Release */,
			);
			defaultConfigurationIsVisible = 0;
			defaultConfigurationName = Release;
		};
		038D232A24FF5AB300321F91 /* Build configuration list for PBXNativeTarget "hQuizz" */ = {
			isa = XCConfigurationList;
			buildConfigurations = (
				038D232B24FF5AB300321F91 /* Debug */,
				038D232C24FF5AB300321F91 /* Release */,
			);
			defaultConfigurationIsVisible = 0;
			defaultConfigurationName = Release;
		};
		038D232D24FF5AB300321F91 /* Build configuration list for PBXNativeTarget "hQuizzTests" */ = {
			isa = XCConfigurationList;
			buildConfigurations = (
				038D232E24FF5AB300321F91 /* Debug */,
				038D232F24FF5AB300321F91 /* Release */,
			);
			defaultConfigurationIsVisible = 0;
			defaultConfigurationName = Release;
		};
		038D233024FF5AB300321F91 /* Build configuration list for PBXNativeTarget "hQuizzUITests" */ = {
			isa = XCConfigurationList;
			buildConfigurations = (
				038D233124FF5AB300321F91 /* Debug */,
				038D233224FF5AB300321F91 /* Release */,
			);
			defaultConfigurationIsVisible = 0;
			defaultConfigurationName = Release;
		};
/* End XCConfigurationList section */
	};
	rootObject = 038D22F824FF5AB100321F91 /* Project object */;
}
